{
  "name": "zephyr-ci",
  "version": "1.0.0",
  "lockfileVersion": 1,
  "requires": true,
  "dependencies": {
    "axios": {
      "version": "0.21.1",
      "resolved": "https://registry.npmjs.org/axios/-/axios-0.21.1.tgz",
      "integrity": "sha512-dKQiRHxGD9PPRIUNIWvZhPTPpl1rf/OxTYKsqKUDjBwYylTvV7SjSHJb9ratfyzM6wCdLCOYLzs73qpg5c4iGA==",
      "requires": {
        "follow-redirects": "^1.10.0"
      }
    },
    "crypto-js": {
      "version": "4.0.0",
      "resolved": "https://registry.npmjs.org/crypto-js/-/crypto-js-4.0.0.tgz",
      "integrity": "sha512-bzHZN8Pn+gS7DQA6n+iUmBfl0hO5DJq++QP3U6uTucDtk/0iGpXd/Gg7CGR0p8tJhofJyaKoWBuJI4eAO00BBg=="
    },
    "crypto-ts": {
      "version": "1.0.2",
      "resolved": "https://registry.npmjs.org/crypto-ts/-/crypto-ts-1.0.2.tgz",
      "integrity": "sha1-wq5HtC8aiv/PM73b4yg5gxUMigU=",
      "requires": {
        "tslib": "^1.7.1"
      }
    },
    "follow-redirects": {
      "version": "1.13.1",
      "resolved": "https://registry.npmjs.org/follow-redirects/-/follow-redirects-1.13.1.tgz",
      "integrity": "sha512-SSG5xmZh1mkPGyKzjZP8zLjltIfpW32Y5QpdNJyjcfGxK3qo3NDDkZOZSFiGn1A6SclQxY9GzEwAHQ3dmYRWpg=="
    },
    "rand-token": {
      "version": "1.0.1",
      "resolved": "https://registry.npmjs.org/rand-token/-/rand-token-1.0.1.tgz",
      "integrity": "sha512-Zri5SfJmEzBJ3IexFdigvPSCamslJ7UjLkUn0tlgH7COJvaUr5V7FyUYgKifEMTw7gFO8ZLcWjcU+kq8akipzg=="
    },
    "random-token": {
      "version": "0.0.8",
      "resolved": "https://registry.npmjs.org/random-token/-/random-token-0.0.8.tgz",
      "integrity": "sha1-HPhFrz+zHlf3yqS5oXNHjEZIO2E="
    },
    "tslib": {
      "version": "1.14.1",
      "resolved": "https://registry.npmjs.org/tslib/-/tslib-1.14.1.tgz",
      "integrity": "sha512-Xni35NKzjgMrwevysHTCArtLDpPvye8zV/0E4EyYn43P7/7qvQwPh9BGkHewbMulVntbigmcT7rdX3BNo9wRJg=="
    }
  }
}
